
Microsoft Visual Studio Solution File, Format Version 12.00
# Visual Studio Version 17
VisualStudioVersion = 17.5.33530.505
MinimumVisualStudioVersion = 10.0.40219.1
Project("{FAE04EC0-301F-11D3-BF4B-00C04F79EFBC}") = "Lab6_22520075", "Lab6_22520075\Lab6_22520075.csproj", "{4DA5720C-06A2-4429-9ABB-9A31B8C140FF}"
EndProject
Global
	GlobalSection(SolutionConfigurationPlatforms) = preSolution
		Debug|Any CPU = Debug|Any CPU
		Release|Any CPU = Release|Any CPU
	EndGlobalSection
	GlobalSection(ProjectConfigurationPlatforms) = postSolution
		{4DA5720C-06A2-4429-9ABB-9A31B8C140FF}.Debug|Any CPU.ActiveCfg = Debug|Any CPU
		{4DA5720C-06A2-4429-9ABB-9A31B8C140FF}.Debug|Any CPU.Build.0 = Debug|Any CPU
		{4DA5720C-06A2-4429-9ABB-9A31B8C140FF}.Release|Any CPU.ActiveCfg = Release|Any CPU
		{4DA5720C-06A2-4429-9ABB-9A31B8C140FF}.Release|Any CPU.Build.0 = Release|Any CPU
	EndGlobalSection
	GlobalSection(SolutionProperties) = preSolution
		HideSolutionNode = FALSE
	EndGlobalSection
	GlobalSection(ExtensibilityGlobals) = postSolution
		SolutionGuid = {81C51D2E-79C7-47F0-97B5-23980F9D4149}
	EndGlobalSection
EndGlobal
